
Microsoft Visual Studio Solution File, Format Version 12.00
# Visual Studio Version 16
VisualStudioVersion = 16.0.30413.136
MinimumVisualStudioVersion = 10.0.40219.1
Project("{FAE04EC0-301F-11D3-BF4B-00C04F79EFBC}") = "Clases", "ControlDeStock\Clases.csproj", "{B46F1CE4-8A4E-416E-AD5F-531074951E9C}"
EndProject
Project("{FAE04EC0-301F-11D3-BF4B-00C04F79EFBC}") = "AplicacionEjecutable", "AplicacionEjecutable\AplicacionEjecutable.csproj", "{36EAE474-15A8-4481-866A-95D7F89E8F60}"
EndProject
Global
	GlobalSection(SolutionConfigurationPlatforms) = preSolution
		Debug|Any CPU = Debug|Any CPU
		Release|Any CPU = Release|Any CPU
	EndGlobalSection
	GlobalSection(ProjectConfigurationPlatforms) = postSolution
		{B46F1CE4-8A4E-416E-AD5F-531074951E9C}.Debug|Any CPU.ActiveCfg = Debug|Any CPU
		{B46F1CE4-8A4E-416E-AD5F-531074951E9C}.Debug|Any CPU.Build.0 = Debug|Any CPU
		{B46F1CE4-8A4E-416E-AD5F-531074951E9C}.Release|Any CPU.ActiveCfg = Release|Any CPU
		{B46F1CE4-8A4E-416E-AD5F-531074951E9C}.Release|Any CPU.Build.0 = Release|Any CPU
		{36EAE474-15A8-4481-866A-95D7F89E8F60}.Debug|Any CPU.ActiveCfg = Debug|Any CPU
		{36EAE474-15A8-4481-866A-95D7F89E8F60}.Debug|Any CPU.Build.0 = Debug|Any CPU
		{36EAE474-15A8-4481-866A-95D7F89E8F60}.Release|Any CPU.ActiveCfg = Release|Any CPU
		{36EAE474-15A8-4481-866A-95D7F89E8F60}.Release|Any CPU.Build.0 = Release|Any CPU
	EndGlobalSection
	GlobalSection(SolutionProperties) = preSolution
		HideSolutionNode = FALSE
	EndGlobalSection
	GlobalSection(ExtensibilityGlobals) = postSolution
		SolutionGuid = {E3D3D0BC-2737-49C0-8513-7488FCA7B81F}
	EndGlobalSection
EndGlobal
